
Microsoft Visual Studio Solution File, Format Version 12.00
# Visual Studio 15
VisualStudioVersion = 15.0.27703.1
MinimumVisualStudioVersion = 10.0.40219.1
Project("{FAE04EC0-301F-11D3-BF4B-00C04F79EFBC}") = "Interfaces.Android", "Interfaces\Interfaces.Android\Interfaces.Android.csproj", "{ED4CF459-6137-42C6-BFBB-45169FCD0FCF}"
EndProject
Project("{FAE04EC0-301F-11D3-BF4B-00C04F79EFBC}") = "Interfaces.iOS", "Interfaces\Interfaces.iOS\Interfaces.iOS.csproj", "{6A9617A7-4D88-4295-9569-B1A37580D721}"
EndProject
Project("{9A19103F-16F7-4668-BE54-9A1E7A4F7556}") = "Interfaces", "Interfaces\Interfaces\Interfaces.csproj", "{45AF64A0-3E11-4186-B5E4-757E70D3BD54}"
EndProject
Global
	GlobalSection(SolutionConfigurationPlatforms) = preSolution
		Ad-Hoc|Any CPU = Ad-Hoc|Any CPU
		Ad-Hoc|iPhone = Ad-Hoc|iPhone
		Ad-Hoc|iPhoneSimulator = Ad-Hoc|iPhoneSimulator
		AppStore|Any CPU = AppStore|Any CPU
		AppStore|iPhone = AppStore|iPhone
		AppStore|iPhoneSimulator = AppStore|iPhoneSimulator
		Debug|Any CPU = Debug|Any CPU
		Debug|iPhone = Debug|iPhone
		Debug|iPhoneSimulator = Debug|iPhoneSimulator
		Release|Any CPU = Release|Any CPU
		Release|iPhone = Release|iPhone
		Release|iPhoneSimulator = Release|iPhoneSimulator
	EndGlobalSection
	GlobalSection(ProjectConfigurationPlatforms) = postSolution
		{ED4CF459-6137-42C6-BFBB-45169FCD0FCF}.Ad-Hoc|Any CPU.ActiveCfg = Release|Any CPU
		{ED4CF459-6137-42C6-BFBB-45169FCD0FCF}.Ad-Hoc|Any CPU.Build.0 = Release|Any CPU
		{ED4CF459-6137-42C6-BFBB-45169FCD0FCF}.Ad-Hoc|Any CPU.Deploy.0 = Release|Any CPU
		{ED4CF459-6137-42C6-BFBB-45169FCD0FCF}.Ad-Hoc|iPhone.ActiveCfg = Release|Any CPU
		{ED4CF459-6137-42C6-BFBB-45169FCD0FCF}.Ad-Hoc|iPhone.Build.0 = Release|Any CPU
		{ED4CF459-6137-42C6-BFBB-45169FCD0FCF}.Ad-Hoc|iPhone.Deploy.0 = Release|Any CPU
		{ED4CF459-6137-42C6-BFBB-45169FCD0FCF}.Ad-Hoc|iPhoneSimulator.ActiveCfg = Release|Any CPU
		{ED4CF459-6137-42C6-BFBB-45169FCD0FCF}.Ad-Hoc|iPhoneSimulator.Build.0 = Release|Any CPU
		{ED4CF459-6137-42C6-BFBB-45169FCD0FCF}.Ad-Hoc|iPhoneSimulator.Deploy.0 = Release|Any CPU
		{ED4CF459-6137-42C6-BFBB-45169FCD0FCF}.AppStore|Any CPU.ActiveCfg = Release|Any CPU
		{ED4CF459-6137-42C6-BFBB-45169FCD0FCF}.AppStore|Any CPU.Build.0 = Release|Any CPU
		{ED4CF459-6137-42C6-BFBB-45169FCD0FCF}.AppStore|Any CPU.Deploy.0 = Release|Any CPU
		{ED4CF459-6137-42C6-BFBB-45169FCD0FCF}.AppStore|iPhone.ActiveCfg = Release|Any CPU
		{ED4CF459-6137-42C6-BFBB-45169FCD0FCF}.AppStore|iPhone.Build.0 = Release|Any CPU
		{ED4CF459-6137-42C6-BFBB-45169FCD0FCF}.AppStore|iPhone.Deploy.0 = Release|Any CPU
		{ED4CF459-6137-42C6-BFBB-45169FCD0FCF}.AppStore|iPhoneSimulator.ActiveCfg = Release|Any CPU
		{ED4CF459-6137-42C6-BFBB-45169FCD0FCF}.AppStore|iPhoneSimulator.Build.0 = Release|Any CPU
		{ED4CF459-6137-42C6-BFBB-45169FCD0FCF}.AppStore|iPhoneSimulator.Deploy.0 = Release|Any CPU
		{ED4CF459-6137-42C6-BFBB-45169FCD0FCF}.Debug|Any CPU.ActiveCfg = Debug|Any CPU
		{ED4CF459-6137-42C6-BFBB-45169FCD0FCF}.Debug|Any CPU.Build.0 = Debug|Any CPU
		{ED4CF459-6137-42C6-BFBB-45169FCD0FCF}.Debug|Any CPU.Deploy.0 = Debug|Any CPU
		{ED4CF459-6137-42C6-BFBB-45169FCD0FCF}.Debug|iPhone.ActiveCfg = Debug|Any CPU
		{ED4CF459-6137-42C6-BFBB-45169FCD0FCF}.Debug|iPhone.Build.0 = Debug|Any CPU
		{ED4CF459-6137-42C6-BFBB-45169FCD0FCF}.Debug|iPhone.Deploy.0 = Debug|Any CPU
		{ED4CF459-6137-42C6-BFBB-45169FCD0FCF}.Debug|iPhoneSimulator.ActiveCfg = Debug|Any CPU
		{ED4CF459-6137-42C6-BFBB-45169FCD0FCF}.Debug|iPhoneSimulator.Build.0 = Debug|Any CPU
		{ED4CF459-6137-42C6-BFBB-45169FCD0FCF}.Debug|iPhoneSimulator.Deploy.0 = Debug|Any CPU
		{ED4CF459-6137-42C6-BFBB-45169FCD0FCF}.Release|Any CPU.ActiveCfg = Release|Any CPU
		{ED4CF459-6137-42C6-BFBB-45169FCD0FCF}.Release|Any CPU.Build.0 = Release|Any CPU
		{ED4CF459-6137-42C6-BFBB-45169FCD0FCF}.Release|Any CPU.Deploy.0 = Release|Any CPU
		{ED4CF459-6137-42C6-BFBB-45169FCD0FCF}.Release|iPhone.ActiveCfg = Release|Any CPU
		{ED4CF459-6137-42C6-BFBB-45169FCD0FCF}.Release|iPhone.Build.0 = Release|Any CPU
		{ED4CF459-6137-42C6-BFBB-45169FCD0FCF}.Release|iPhone.Deploy.0 = Release|Any CPU
		{ED4CF459-6137-42C6-BFBB-45169FCD0FCF}.Release|iPhoneSimulator.ActiveCfg = Release|Any CPU
		{ED4CF459-6137-42C6-BFBB-45169FCD0FCF}.Release|iPhoneSimulator.Build.0 = Release|Any CPU
		{ED4CF459-6137-42C6-BFBB-45169FCD0FCF}.Release|iPhoneSimulator.Deploy.0 = Release|Any CPU
		{6A9617A7-4D88-4295-9569-B1A37580D721}.Ad-Hoc|Any CPU.ActiveCfg = Ad-Hoc|iPhone
		{6A9617A7-4D88-4295-9569-B1A37580D721}.Ad-Hoc|Any CPU.Build.0 = Ad-Hoc|iPhone
		{6A9617A7-4D88-4295-9569-B1A37580D721}.Ad-Hoc|Any CPU.Deploy.0 = Ad-Hoc|iPhone
		{6A9617A7-4D88-4295-9569-B1A37580D721}.Ad-Hoc|iPhone.ActiveCfg = Ad-Hoc|iPhone
		{6A9617A7-4D88-4295-9569-B1A37580D721}.Ad-Hoc|iPhone.Build.0 = Ad-Hoc|iPhone
		{6A9617A7-4D88-4295-9569-B1A37580D721}.Ad-Hoc|iPhone.Deploy.0 = Ad-Hoc|iPhone
		{6A9617A7-4D88-4295-9569-B1A37580D721}.Ad-Hoc|iPhoneSimulator.ActiveCfg = Ad-Hoc|iPhoneSimulator
		{6A9617A7-4D88-4295-9569-B1A37580D721}.Ad-Hoc|iPhoneSimulator.Build.0 = Ad-Hoc|iPhoneSimulator
		{6A9617A7-4D88-4295-9569-B1A37580D721}.Ad-Hoc|iPhoneSimulator.Deploy.0 = Ad-Hoc|iPhoneSimulator
		{6A9617A7-4D88-4295-9569-B1A37580D721}.AppStore|Any CPU.ActiveCfg = AppStore|iPhone
		{6A9617A7-4D88-4295-9569-B1A37580D721}.AppStore|Any CPU.Build.0 = AppStore|iPhone
		{6A9617A7-4D88-4295-9569-B1A37580D721}.AppStore|Any CPU.Deploy.0 = AppStore|iPhone
		{6A9617A7-4D88-4295-9569-B1A37580D721}.AppStore|iPhone.ActiveCfg = AppStore|iPhone
		{6A9617A7-4D88-4295-9569-B1A37580D721}.AppStore|iPhone.Build.0 = AppStore|iPhone
		{6A9617A7-4D88-4295-9569-B1A37580D721}.AppStore|iPhone.Deploy.0 = AppStore|iPhone
		{6A9617A7-4D88-4295-9569-B1A37580D721}.AppStore|iPhoneSimulator.ActiveCfg = AppStore|iPhoneSimulator
		{6A9617A7-4D88-4295-9569-B1A37580D721}.AppStore|iPhoneSimulator.Build.0 = AppStore|iPhoneSimulator
		{6A9617A7-4D88-4295-9569-B1A37580D721}.AppStore|iPhoneSimulator.Deploy.0 = AppStore|iPhoneSimulator
		{6A9617A7-4D88-4295-9569-B1A37580D721}.Debug|Any CPU.ActiveCfg = Debug|iPhoneSimulator
		{6A9617A7-4D88-4295-9569-B1A37580D721}.Debug|Any CPU.Build.0 = Debug|iPhoneSimulator
		{6A9617A7-4D88-4295-9569-B1A37580D721}.Debug|Any CPU.Deploy.0 = Debug|iPhoneSimulator
		{6A9617A7-4D88-4295-9569-B1A37580D721}.Debug|iPhone.ActiveCfg = Debug|iPhone
		{6A9617A7-4D88-4295-9569-B1A37580D721}.Debug|iPhone.Build.0 = Debug|iPhone
		{6A9617A7-4D88-4295-9569-B1A37580D721}.Debug|iPhone.Deploy.0 = Debug|iPhone
		{6A9617A7-4D88-4295-9569-B1A37580D721}.Debug|iPhoneSimulator.ActiveCfg = Debug|iPhoneSimulator
		{6A9617A7-4D88-4295-9569-B1A37580D721}.Debug|iPhoneSimulator.Build.0 = Debug|iPhoneSimulator
		{6A9617A7-4D88-4295-9569-B1A37580D721}.Debug|iPhoneSimulator.Deploy.0 = Debug|iPhoneSimulator
		{6A9617A7-4D88-4295-9569-B1A37580D721}.Release|Any CPU.ActiveCfg = Release|iPhone
		{6A9617A7-4D88-4295-9569-B1A37580D721}.Release|Any CPU.Build.0 = Release|iPhone
		{6A9617A7-4D88-4295-9569-B1A37580D721}.Release|Any CPU.Deploy.0 = Release|iPhone
		{6A9617A7-4D88-4295-9569-B1A37580D721}.Release|iPhone.ActiveCfg = Release|iPhone
		{6A9617A7-4D88-4295-9569-B1A37580D721}.Release|iPhone.Build.0 = Release|iPhone
		{6A9617A7-4D88-4295-9569-B1A37580D721}.Release|iPhone.Deploy.0 = Release|iPhone
		{6A9617A7-4D88-4295-9569-B1A37580D721}.Release|iPhoneSimulator.ActiveCfg = Release|iPhoneSimulator
		{6A9617A7-4D88-4295-9569-B1A37580D721}.Release|iPhoneSimulator.Build.0 = Release|iPhoneSimulator
		{6A9617A7-4D88-4295-9569-B1A37580D721}.Release|iPhoneSimulator.Deploy.0 = Release|iPhoneSimulator
		{45AF64A0-3E11-4186-B5E4-757E70D3BD54}.Ad-Hoc|Any CPU.ActiveCfg = Debug|Any CPU
		{45AF64A0-3E11-4186-B5E4-757E70D3BD54}.Ad-Hoc|Any CPU.Build.0 = Debug|Any CPU
		{45AF64A0-3E11-4186-B5E4-757E70D3BD54}.Ad-Hoc|Any CPU.Deploy.0 = Debug|Any CPU
		{45AF64A0-3E11-4186-B5E4-757E70D3BD54}.Ad-Hoc|iPhone.ActiveCfg = Debug|Any CPU
		{45AF64A0-3E11-4186-B5E4-757E70D3BD54}.Ad-Hoc|iPhone.Build.0 = Debug|Any CPU
		{45AF64A0-3E11-4186-B5E4-757E70D3BD54}.Ad-Hoc|iPhone.Deploy.0 = Debug|Any CPU
		{45AF64A0-3E11-4186-B5E4-757E70D3BD54}.Ad-Hoc|iPhoneSimulator.ActiveCfg = Debug|Any CPU
		{45AF64A0-3E11-4186-B5E4-757E70D3BD54}.Ad-Hoc|iPhoneSimulator.Build.0 = Debug|Any CPU
		{45AF64A0-3E11-4186-B5E4-757E70D3BD54}.Ad-Hoc|iPhoneSimulator.Deploy.0 = Debug|Any CPU
		{45AF64A0-3E11-4186-B5E4-757E70D3BD54}.AppStore|Any CPU.ActiveCfg = Debug|Any CPU
		{45AF64A0-3E11-4186-B5E4-757E70D3BD54}.AppStore|Any CPU.Build.0 = Debug|Any CPU
		{45AF64A0-3E11-4186-B5E4-757E70D3BD54}.AppStore|Any CPU.Deploy.0 = Debug|Any CPU
		{45AF64A0-3E11-4186-B5E4-757E70D3BD54}.AppStore|iPhone.ActiveCfg = Debug|Any CPU
		{45AF64A0-3E11-4186-B5E4-757E70D3BD54}.AppStore|iPhone.Build.0 = Debug|Any CPU
		{45AF64A0-3E11-4186-B5E4-757E70D3BD54}.AppStore|iPhone.Deploy.0 = Debug|Any CPU
		{45AF64A0-3E11-4186-B5E4-757E70D3BD54}.AppStore|iPhoneSimulator.ActiveCfg = Debug|Any CPU
		{45AF64A0-3E11-4186-B5E4-757E70D3BD54}.AppStore|iPhoneSimulator.Build.0 = Debug|Any CPU
		{45AF64A0-3E11-4186-B5E4-757E70D3BD54}.AppStore|iPhoneSimulator.Deploy.0 = Debug|Any CPU
		{45AF64A0-3E11-4186-B5E4-757E70D3BD54}.Debug|Any CPU.ActiveCfg = Debug|Any CPU
		{45AF64A0-3E11-4186-B5E4-757E70D3BD54}.Debug|Any CPU.Build.0 = Debug|Any CPU
		{45AF64A0-3E11-4186-B5E4-757E70D3BD54}.Debug|Any CPU.Deploy.0 = Debug|Any CPU
		{45AF64A0-3E11-4186-B5E4-757E70D3BD54}.Debug|iPhone.ActiveCfg = Debug|Any CPU
		{45AF64A0-3E11-4186-B5E4-757E70D3BD54}.Debug|iPhone.Build.0 = Debug|Any CPU
		{45AF64A0-3E11-4186-B5E4-757E70D3BD54}.Debug|iPhone.Deploy.0 = Debug|Any CPU
		{45AF64A0-3E11-4186-B5E4-757E70D3BD54}.Debug|iPhoneSimulator.ActiveCfg = Debug|Any CPU
		{45AF64A0-3E11-4186-B5E4-757E70D3BD54}.Debug|iPhoneSimulator.Build.0 = Debug|Any CPU
		{45AF64A0-3E11-4186-B5E4-757E70D3BD54}.Debug|iPhoneSimulator.Deploy.0 = Debug|Any CPU
		{45AF64A0-3E11-4186-B5E4-757E70D3BD54}.Release|Any CPU.ActiveCfg = Release|Any CPU
		{45AF64A0-3E11-4186-B5E4-757E70D3BD54}.Release|Any CPU.Build.0 = Release|Any CPU
		{45AF64A0-3E11-4186-B5E4-757E70D3BD54}.Release|Any CPU.Deploy.0 = Release|Any CPU
		{45AF64A0-3E11-4186-B5E4-757E70D3BD54}.Release|iPhone.ActiveCfg = Release|Any CPU
		{45AF64A0-3E11-4186-B5E4-757E70D3BD54}.Release|iPhone.Build.0 = Release|Any CPU
		{45AF64A0-3E11-4186-B5E4-757E70D3BD54}.Release|iPhone.Deploy.0 = Release|Any CPU
		{45AF64A0-3E11-4186-B5E4-757E70D3BD54}.Release|iPhoneSimulator.ActiveCfg = Release|Any CPU
		{45AF64A0-3E11-4186-B5E4-757E70D3BD54}.Release|iPhoneSimulator.Build.0 = Release|Any CPU
		{45AF64A0-3E11-4186-B5E4-757E70D3BD54}.Release|iPhoneSimulator.Deploy.0 = Release|Any CPU
	EndGlobalSection
	GlobalSection(SolutionProperties) = preSolution
		HideSolutionNode = FALSE
	EndGlobalSection
	GlobalSection(ExtensibilityGlobals) = postSolution
		SolutionGuid = {574CBDA1-C429-40A0-99D4-1D7B3E086C97}
	EndGlobalSection
EndGlobal
